
Microsoft Visual Studio Solution File, Format Version 12.00
# Visual Studio Version 16
VisualStudioVersion = 16.0.31019.35
MinimumVisualStudioVersion = 10.0.40219.1
Project("{9A19103F-16F7-4668-BE54-9A1E7A4F7556}") = "ClassLibrary1", "ClassLibrary1\ClassLibrary1.csproj", "{76D5AEDE-070D-4EFD-93FC-34A454F02494}"
EndProject
Project("{9A19103F-16F7-4668-BE54-9A1E7A4F7556}") = "TrabalhoFinalBD", "TrabalhoFinalBD\TrabalhoFinalBD.csproj", "{D2D3CE10-2B1B-4D76-A5BB-54B4608461A9}"
EndProject
Global
	GlobalSection(SolutionConfigurationPlatforms) = preSolution
		Debug|Any CPU = Debug|Any CPU
		Release|Any CPU = Release|Any CPU
	EndGlobalSection
	GlobalSection(ProjectConfigurationPlatforms) = postSolution
		{76D5AEDE-070D-4EFD-93FC-34A454F02494}.Debug|Any CPU.ActiveCfg = Debug|Any CPU
		{76D5AEDE-070D-4EFD-93FC-34A454F02494}.Debug|Any CPU.Build.0 = Debug|Any CPU
		{76D5AEDE-070D-4EFD-93FC-34A454F02494}.Release|Any CPU.ActiveCfg = Release|Any CPU
		{76D5AEDE-070D-4EFD-93FC-34A454F02494}.Release|Any CPU.Build.0 = Release|Any CPU
		{D2D3CE10-2B1B-4D76-A5BB-54B4608461A9}.Debug|Any CPU.ActiveCfg = Debug|Any CPU
		{D2D3CE10-2B1B-4D76-A5BB-54B4608461A9}.Debug|Any CPU.Build.0 = Debug|Any CPU
		{D2D3CE10-2B1B-4D76-A5BB-54B4608461A9}.Release|Any CPU.ActiveCfg = Release|Any CPU
		{D2D3CE10-2B1B-4D76-A5BB-54B4608461A9}.Release|Any CPU.Build.0 = Release|Any CPU
	EndGlobalSection
	GlobalSection(SolutionProperties) = preSolution
		HideSolutionNode = FALSE
	EndGlobalSection
	GlobalSection(ExtensibilityGlobals) = postSolution
		SolutionGuid = {94BB9E19-2607-482B-8AE2-A284D37E24AF}
	EndGlobalSection
EndGlobal
